{
	"requires": true,
	"lockfileVersion": 1,
	"dependencies": {
		"mescroll-uni": {
			"version": "1.1.8",
			"resolved": "https://registry.npmjs.org/mescroll-uni/-/mescroll-uni-1.1.8.tgz",
			"integrity": "sha512-l1JJP6NVc5pCkojNWz7U1kcdw7f40ZDS1PGJ8NEI5/TDn22AKahLQJCdKTWwpx+jOZWX+aSiwFsIvcz11cnidQ=="
		}
	}
}
