# THIS IS AN AUTOGENERATED FILE. DO NOT EDIT THIS FILE DIRECTLY.
# yarn lockfile v1


dayjs@^1.11.5:
  version "1.11.7"
  resolved "https://registry.npmmirror.com/dayjs/-/dayjs-1.11.7.tgz#4b296922642f70999544d1144a2c25730fce63e2"
  integrity sha512-+Yw9U6YO5TQohxLcIkrXBeY73WP3ejHWVvx8XCk3gxvQDCTEmS48ZrSZCKciI7Bhl/uCMyxYtE9UqRILmFphkQ==

jweixin-module@^1.4.1:
  version "1.6.0"
  resolved "https://registry.npmmirror.com/jweixin-module/-/jweixin-module-1.6.0.tgz#4a7ea614083e3c9c3f49e2fdc2bb882cfa58dfcd"
  integrity sha512-dGk9cf+ipipHmtzYmKZs5B2toX+p4hLyllGLF6xuC8t+B05oYxd8fYoaRz0T30U2n3RUv8a4iwvjhA+OcYz52w==

pyfl@^1.1.4:
  version "1.1.4"
  resolved "https://registry.npmmirror.com/pyfl/-/pyfl-1.1.4.tgz#0b5fedade2fdf4b58a8806cf33618fe9242e5c92"
  integrity sha512-tEwj+SYfOk7zMStPrcDvadkUYomRIX6URQA/dl+YDqaEZlP9gEXM501FUsorz5HozCkfIeFOoT7U2jTElQ+zYg==
